
Microsoft Visual Studio Solution File, Format Version 12.00
# Visual Studio Version 17
VisualStudioVersion = 17.8.34408.163
MinimumVisualStudioVersion = 10.0.40219.1
Project("{9A19103F-16F7-4668-BE54-9A1E7A4F7556}") = "DDFilm.Api", "DDFilm.Api\DDFilm.Api.csproj", "{6F92DA9F-FE3F-4AD5-866F-F6480DA8B357}"
EndProject
Project("{9A19103F-16F7-4668-BE54-9A1E7A4F7556}") = "DDFilm.Application", "DDFilm.Application\DDFilm.Application.csproj", "{7F693223-0208-4134-AB8D-95DC3655A8DB}"
EndProject
Project("{9A19103F-16F7-4668-BE54-9A1E7A4F7556}") = "DDFilm.Domain", "DDFilm.Domain\DDFilm.Domain.csproj", "{30298226-CD98-4A58-9D1F-2935FE54990B}"
EndProject
Project("{9A19103F-16F7-4668-BE54-9A1E7A4F7556}") = "DDFilm.Contracts", "DDFilm.Contracts\DDFilm.Contracts.csproj", "{0B0C50A7-1BB6-45F1-8FD0-C7AC53F7B6E4}"
EndProject
Project("{9A19103F-16F7-4668-BE54-9A1E7A4F7556}") = "DDFilm.Infrastructure", "DDFilm.Infrastructure\DDFilm.Infrastructure.csproj", "{F7E6239C-9178-4B5F-99D7-BF201A389B9F}"
EndProject
Project("{E53339B2-1760-4266-BCC7-CA923CBCF16C}") = "docker-compose", "docker-compose.dcproj", "{3A3F81A1-5934-4F96-875D-8D026736CC5A}"
EndProject
Global
	GlobalSection(SolutionConfigurationPlatforms) = preSolution
		Debug|Any CPU = Debug|Any CPU
		Release|Any CPU = Release|Any CPU
	EndGlobalSection
	GlobalSection(ProjectConfigurationPlatforms) = postSolution
		{6F92DA9F-FE3F-4AD5-866F-F6480DA8B357}.Debug|Any CPU.ActiveCfg = Debug|Any CPU
		{6F92DA9F-FE3F-4AD5-866F-F6480DA8B357}.Debug|Any CPU.Build.0 = Debug|Any CPU
		{6F92DA9F-FE3F-4AD5-866F-F6480DA8B357}.Release|Any CPU.ActiveCfg = Release|Any CPU
		{6F92DA9F-FE3F-4AD5-866F-F6480DA8B357}.Release|Any CPU.Build.0 = Release|Any CPU
		{7F693223-0208-4134-AB8D-95DC3655A8DB}.Debug|Any CPU.ActiveCfg = Debug|Any CPU
		{7F693223-0208-4134-AB8D-95DC3655A8DB}.Debug|Any CPU.Build.0 = Debug|Any CPU
		{7F693223-0208-4134-AB8D-95DC3655A8DB}.Release|Any CPU.ActiveCfg = Release|Any CPU
		{7F693223-0208-4134-AB8D-95DC3655A8DB}.Release|Any CPU.Build.0 = Release|Any CPU
		{30298226-CD98-4A58-9D1F-2935FE54990B}.Debug|Any CPU.ActiveCfg = Debug|Any CPU
		{30298226-CD98-4A58-9D1F-2935FE54990B}.Debug|Any CPU.Build.0 = Debug|Any CPU
		{30298226-CD98-4A58-9D1F-2935FE54990B}.Release|Any CPU.ActiveCfg = Release|Any CPU
		{30298226-CD98-4A58-9D1F-2935FE54990B}.Release|Any CPU.Build.0 = Release|Any CPU
		{0B0C50A7-1BB6-45F1-8FD0-C7AC53F7B6E4}.Debug|Any CPU.ActiveCfg = Debug|Any CPU
		{0B0C50A7-1BB6-45F1-8FD0-C7AC53F7B6E4}.Debug|Any CPU.Build.0 = Debug|Any CPU
		{0B0C50A7-1BB6-45F1-8FD0-C7AC53F7B6E4}.Release|Any CPU.ActiveCfg = Release|Any CPU
		{0B0C50A7-1BB6-45F1-8FD0-C7AC53F7B6E4}.Release|Any CPU.Build.0 = Release|Any CPU
		{F7E6239C-9178-4B5F-99D7-BF201A389B9F}.Debug|Any CPU.ActiveCfg = Debug|Any CPU
		{F7E6239C-9178-4B5F-99D7-BF201A389B9F}.Debug|Any CPU.Build.0 = Debug|Any CPU
		{F7E6239C-9178-4B5F-99D7-BF201A389B9F}.Release|Any CPU.ActiveCfg = Release|Any CPU
		{F7E6239C-9178-4B5F-99D7-BF201A389B9F}.Release|Any CPU.Build.0 = Release|Any CPU
		{3A3F81A1-5934-4F96-875D-8D026736CC5A}.Debug|Any CPU.ActiveCfg = Debug|Any CPU
		{3A3F81A1-5934-4F96-875D-8D026736CC5A}.Debug|Any CPU.Build.0 = Debug|Any CPU
		{3A3F81A1-5934-4F96-875D-8D026736CC5A}.Release|Any CPU.ActiveCfg = Release|Any CPU
		{3A3F81A1-5934-4F96-875D-8D026736CC5A}.Release|Any CPU.Build.0 = Release|Any CPU
	EndGlobalSection
	GlobalSection(SolutionProperties) = preSolution
		HideSolutionNode = FALSE
	EndGlobalSection
	GlobalSection(ExtensibilityGlobals) = postSolution
		SolutionGuid = {FC1679B3-5D3F-4395-807F-8A582ABF75E5}
	EndGlobalSection
EndGlobal
